
Microsoft Visual Studio Solution File, Format Version 12.00
# Visual Studio Version 17
VisualStudioVersion = 17.9.34723.18
MinimumVisualStudioVersion = 10.0.40219.1
Project("{FAE04EC0-301F-11D3-BF4B-00C04F79EFBC}") = "FLZ-0220Serri Reader", "FLZ-0220Serri Reader\FLZ-0220Serri Reader.csproj", "{FC05A31A-78FC-4B02-84D3-AF39EDB51079}"
EndProject
Global
	GlobalSection(SolutionConfigurationPlatforms) = preSolution
		Debug|Any CPU = Debug|Any CPU
		Release|Any CPU = Release|Any CPU
	EndGlobalSection
	GlobalSection(ProjectConfigurationPlatforms) = postSolution
		{FC05A31A-78FC-4B02-84D3-AF39EDB51079}.Debug|Any CPU.ActiveCfg = Debug|Any CPU
		{FC05A31A-78FC-4B02-84D3-AF39EDB51079}.Debug|Any CPU.Build.0 = Debug|Any CPU
		{FC05A31A-78FC-4B02-84D3-AF39EDB51079}.Release|Any CPU.ActiveCfg = Release|Any CPU
		{FC05A31A-78FC-4B02-84D3-AF39EDB51079}.Release|Any CPU.Build.0 = Release|Any CPU
	EndGlobalSection
	GlobalSection(SolutionProperties) = preSolution
		HideSolutionNode = FALSE
	EndGlobalSection
	GlobalSection(ExtensibilityGlobals) = postSolution
		SolutionGuid = {3F4E617A-B79C-40F9-84A5-D679EA77995C}
	EndGlobalSection
EndGlobal
